version = 1
revision = 3
requires-python = ">=3.10"

[[package]]
name = "ext-http-server"
source = { editable = "." }

[package.dev-dependencies]
dev = [
    { name = "pyright" },
]

[package.metadata]

[package.metadata.requires-dev]
dev = [{ name = "pyright" }]

[[package]]
name = "nodeenv"
version = "1.10.0"
source = { registry = "https://pypi.org/simple" }
sdist = { url = "https://files.pythonhosted.org/packages/24/bf/d1bda4f6168e0b2e9e5958945e01910052158313224ada5ce1fb2e1113b8/nodeenv-1.10.0.tar.gz", hash = "sha256:996c191ad80897d076bdfba80a41994c2b47c68e224c542b48feba42ba00f8bb", size = 55611, upload-time = "2025-12-20T14:08:54.006Z" }
wheels = [
    { url = "https://files.pythonhosted.org/packages/88/b2/d0896bdcdc8d28a7fc5717c305f1a861c26e18c05047949fb371034d98bd/nodeenv-1.10.0-py2.py3-none-any.whl", hash = "sha256:5bb13e3eed2923615535339b3c620e76779af4cb4c6a90deccc9e36b274d3827", size = 23438, upload-time = "2025-12-20T14:08:52.782Z" },
]

[[package]]
name = "pyright"
version = "1.1.410"
source = { registry = "https://pypi.org/simple" }
dependencies = [
    { name = "nodeenv" },
    { name = "typing-extensions" },
]
sdist = { url = "https://files.pythonhosted.org/packages/10/53/e4d8ea1391bd4355231be6f91bf239479aa0014260ed3fb5526eeb12a1f2/pyright-1.1.410.tar.gz", hash = "sha256:07a073b8ba6749826773c1269773efa11b93440d9a6aa60419d9a3172d6dc488", size = 4062013, upload-time = "2026-06-01T17:35:48.894Z" }
wheels = [
    { url = "https://files.pythonhosted.org/packages/d7/33/288b5868fa00846dacf249633719d747893e54aebd196b9968ac1878a5d3/pyright-1.1.410-py3-none-any.whl", hash = "sha256:5e961bed37cacf96b3f7cd7b1da39b350a9239aa2e69138d0e88f728cfaf296c", size = 6082448, upload-time = "2026-06-01T17:35:46.387Z" },
]

[[package]]
name = "typing-extensions"
version = "4.15.0"
source = { registry = "https://pypi.org/simple" }
sdist = { url = "https://files.pythonhosted.org/packages/72/94/1a15dd82efb362ac84269196e94cf00f187f7ed21c242792a923cdb1c61f/typing_extensions-4.15.0.tar.gz", hash = "sha256:0cea48d173cc12fa28ecabc3b837ea3cf6f38c6d1136f85cbaaf598984861466", size = 109391, upload-time = "2025-08-25T13:49:26.313Z" }
wheels = [
    { url = "https://files.pythonhosted.org/packages/18/67/36e9267722cc04a6b9f15c7f3441c2363321a3ea07da7ae0c0707beb2a9c/typing_extensions-4.15.0-py3-none-any.whl", hash = "sha256:f0fa19c6845758ab08074a0cfa8b7aecb71c999ca73d62883bc25cc018c4e548", size = 44614, upload-time = "2025-08-25T13:49:24.86Z" },
]
